{
  "name": "nwhacks2025",
  "lockfileVersion": 3,
  "requires": true,
  "packages": {
    "": {
      "dependencies": {
        "openmoji": "^16.0.0"
      }
    },
    "node_modules/openmoji": {
      "version": "16.0.0",
      "resolved": "https://registry.npmjs.org/openmoji/-/openmoji-16.0.0.tgz",
      "integrity": "sha512-ruaRCfXL23tYzZ8cWzVxNsMEEUnol68RRxP4UueYyegtMz9wg/0p5RIJRdPz/e2KbBWq7ydrYvnN0NN4lhxN1g=="
    }
  }
}
